{
  "name": "salesforce-app",
  "version": "1.0.0",
  "lockfileVersion": 2,
  "requires": true,
  "packages": {
    "node_modules/@babel/eslint-parser": {
      "version": "7.21.3",
      "resolved": "https://registry.npmjs.org/@babel/eslint-parser/-/eslint-parser-7.21.3.tgz",
      "integrity": "sha512-kfhmPimwo6k4P8zxNs8+T7yR44q1LdpsZdE1NkCsVlfiuTPRfnGgjaF8Qgug9q9Pou17u6wneYF0lDCZJATMFg==",
      "dev": true,
      "peer": true,
      "dependencies": {
        "@nicolo-ribaudo/eslint-scope-5-internals": "5.1.1-v1",
        "eslint-visitor-keys": "^2.1.0",
        "semver": "^6.3.0"
      },
      "engines": {
        "node": "^10.13.0 || ^12.13.0 || >=14.0.0"
      },
      "peerDependencies": {
        "@babel/core": ">=7.11.0",
        "eslint": "^7.5.0 || ^8.0.0"
      }
    },
    "node_modules/@eslint-community/eslint-utils": {
      "version": "4.4.0",
      "resolved": "https://registry.npmjs.org/@eslint-community/eslint-utils/-/eslint-utils-4.4.0.tgz",
      "integrity": "sha512-1/sA4dwrzBAyeUoQ6oxahHKmrZvsnLCg4RfxW3ZFGGmQkSNQPFNLV9CUEFQP1x9EYXHTo5p6xdhZM1Ne9p/AfA==",
      "dev": true,
      "dependencies": {
        "eslint-visitor-keys": "^3.3.0"
      },
      "engines": {
        "node": "^12.22.0 || ^14.17.0 || >=16.0.0"
      },
      "peerDependencies": {
        "eslint": "^6.0.0 || ^7.0.0 || >=8.0.0"
      }
    },
    "node_modules/@eslint-community/eslint-utils/node_modules/eslint-visitor-keys": {
      "version": "3.4.0",
      "resolved": "https://registry.npmjs.org/eslint-visitor-keys/-/eslint-visitor-keys-3.4.0.tgz",
      "integrity": "sha512-HPpKPUBQcAsZOsHAFwTtIKcYlCje62XB7SEAcxjtmW6TD1WVpkS6i6/hOVtTZIl4zGj/mBqpFVGvaDneik+VoQ==",
      "dev": true,
      "engines": {
        "node": "^12.22.0 || ^14.17.0 || >=16.0.0"
      },
      "funding": {
        "url": "https://opencollective.com/eslint"
      }
    },
    "node_modules/@eslint-community/regexpp": {
      "version": "4.5.0",
      "resolved": "https://registry.npmjs.org/@eslint-community/regexpp/-/regexpp-4.5.0.tgz",
      "integrity": "sha512-vITaYzIcNmjn5tF5uxcZ/ft7/RXGrMUIS9HalWckEOF6ESiwXKoMzAQf2UW0aVd6rnOeExTJVd5hmWXucBKGXQ==",
      "dev": true,
      "engines": {
        "node": "^12.0.0 || ^14.0.0 || >=16.0.0"
      }
    },
    "node_modules/@eslint/eslintrc": {
      "version": "2.0.2",
      "resolved": "https://registry.npmjs.org/@eslint/eslintrc/-/eslintrc-2.0.2.tgz",
      "integrity": "sha512-3W4f5tDUra+pA+FzgugqL2pRimUTDJWKr7BINqOpkZrC0uYI0NIc0/JFgBROCU07HR6GieA5m3/rsPIhDmCXTQ==",
      "dev": true,
      "dependencies": {
        "ajv": "^6.12.4",
        "debug": "^4.3.2",
        "espree": "^9.5.1",
        "globals": "^13.19.0",
        "ignore": "^5.2.0",
        "import-fresh": "^3.2.1",
        "js-yaml": "^4.1.0",
        "minimatch": "^3.1.2",
        "strip-json-comments": "^3.1.1"
      },
      "engines": {
        "node": "^12.22.0 || ^14.17.0 || >=16.0.0"
      },
      "funding": {
        "url": "https://opencollective.com/eslint"
      }
    },
    "node_modules/@eslint/eslintrc/node_modules/brace-expansion": {
      "version": "1.1.11",
      "resolved": "https://registry.npmjs.org/brace-expansion/-/brace-expansion-1.1.11.tgz",
      "integrity": "sha512-iCuPHDFgrHX7H2vEI/5xpz07zSHB00TpugqhmYtVmMO6518mCuRMoOYFldEBl0g187ufozdaHgWKcYFb61qGiA==",
      "dev": true,
      "dependencies": {
        "balanced-match": "^1.0.0",
        "concat-map": "0.0.1"
      }
    },
    "node_modules/@eslint/eslintrc/node_modules/globals": {
      "version": "13.20.0",
      "resolved": "https://registry.npmjs.org/globals/-/globals-13.20.0.tgz",
      "integrity": "sha512-Qg5QtVkCy/kv3FUSlu4ukeZDVf9ee0iXLAUYX13gbR17bnejFTzr4iS9bY7kwCf1NztRNm1t91fjOiyx4CSwPQ==",
      "dev": true,
      "dependencies": {
        "type-fest": "^0.20.2"
      },
      "engines": {
        "node": ">=8"
      },
      "funding": {
        "url": "https://github.com/sponsors/sindresorhus"
      }
    },
    "node_modules/@eslint/eslintrc/node_modules/minimatch": {
      "version": "3.1.2",
      "resolved": "https://registry.npmjs.org/minimatch/-/minimatch-3.1.2.tgz",
      "integrity": "sha512-J7p63hRiAjw1NDEww1W7i37+ByIrOWO5XQQAzZ3VOcL0PNybwpfmV/N05zFAzwQ9USyEcX6t3UO+K5aqBQOIHw==",
      "dev": true,
      "dependencies": {
        "brace-expansion": "^1.1.7"
      },
      "engines": {
        "node": "*"
      }
    },
    "node_modules/@eslint/eslintrc/node_modules/type-fest": {
      "version": "0.20.2",
      "resolved": "https://registry.npmjs.org/type-fest/-/type-fest-0.20.2.tgz",
      "integrity": "sha512-Ne+eE4r0/iWnpAxD852z3A+N0Bt5RN//NjJwRd2VFHEmrywxf5vsZlh4R6lixl6B+wz/8d+maTSAkN1FIkI3LQ==",
      "dev": true,
      "engines": {
        "node": ">=10"
      },
      "funding": {
        "url": "https://github.com/sponsors/sindresorhus"
      }
    },
    "node_modules/@eslint/js": {
      "version": "8.39.0",
      "resolved": "https://registry.npmjs.org/@eslint/js/-/js-8.39.0.tgz",
      "integrity": "sha512-kf9RB0Fg7NZfap83B3QOqOGg9QmD9yBudqQXzzOtn3i4y7ZUXe5ONeW34Gwi+TxhH4mvj72R1Zc300KUMa9Bng==",
      "dev": true,
      "engines": {
        "node": "^12.22.0 || ^14.17.0 || >=16.0.0"
      }
    },
    "node_modules/@lwc/eslint-plugin-lwc": {
      "version": "1.6.2",
      "resolved": "https://registry.npmjs.org/@lwc/eslint-plugin-lwc/-/eslint-plugin-lwc-1.6.2.tgz",
      "integrity": "sha512-Oc2FpOA0/RRl10SdOjmj8TG1xdTM2nfmD9urQIUOLl3n5s14HQNljLGSYZm8lBswp0m7HlGp36kxyka40Vw/qw==",
      "dev": true,
      "dependencies": {
        "globals": "^13.20.0",
        "minimatch": "^6.2.0"
      },
      "engines": {
        "node": ">=10.0.0"
      },
      "peerDependencies": {
        "@babel/eslint-parser": "^7",
        "eslint": "^7 || ^8"
      }
    },
    "node_modules/@lwc/eslint-plugin-lwc/node_modules/globals": {
      "version": "13.20.0",
      "resolved": "https://registry.npmjs.org/globals/-/globals-13.20.0.tgz",
      "integrity": "sha512-Qg5QtVkCy/kv3FUSlu4ukeZDVf9ee0iXLAUYX13gbR17bnejFTzr4iS9bY7kwCf1NztRNm1t91fjOiyx4CSwPQ==",
      "dev": true,
      "dependencies": {
        "type-fest": "^0.20.2"
      },
      "engines": {
        "node": ">=8"
      },
      "funding": {
        "url": "https://github.com/sponsors/sindresorhus"
      }
    },
    "node_modules/@lwc/eslint-plugin-lwc/node_modules/type-fest": {
      "version": "0.20.2",
      "resolved": "https://registry.npmjs.org/type-fest/-/type-fest-0.20.2.tgz",
      "integrity": "sha512-Ne+eE4r0/iWnpAxD852z3A+N0Bt5RN//NjJwRd2VFHEmrywxf5vsZlh4R6lixl6B+wz/8d+maTSAkN1FIkI3LQ==",
      "dev": true,
      "engines": {
        "node": ">=10"
      },
      "funding": {
        "url": "https://github.com/sponsors/sindresorhus"
      }
    },
    "node_modules/@nicolo-ribaudo/eslint-scope-5-internals": {
      "version": "5.1.1-v1",
      "resolved": "https://registry.npmjs.org/@nicolo-ribaudo/eslint-scope-5-internals/-/eslint-scope-5-internals-5.1.1-v1.tgz",
      "integrity": "sha512-54/JRvkLIzzDWshCWfuhadfrfZVPiElY8Fcgmg1HroEly/EDSszzhBAsarCux+D/kOslTRquNzuyGSmUSTTHGg==",
      "dev": true,
      "dependencies": {
        "eslint-scope": "5.1.1"
      }
    },
    "node_modules/@prettier/plugin-xml": {
      "version": "2.0.1",
      "resolved": "https://registry.npmjs.org/@prettier/plugin-xml/-/plugin-xml-2.0.1.tgz",
      "integrity": "sha512-zJ2+/J5ujo23oHwaiuo3DEnxnRWSw/52IP7to+XmHiTC/qG17w2ld6FbDfVrsnO2PTPp0HFotPtZFlbrPJnaqA==",
      "dev": true,
      "dependencies": {
        "@xml-tools/parser": "^1.0.11",
        "prettier": ">=2.4.0"
      }
    },
    "node_modules/@salesforce/eslint-config-lwc": {
      "version": "3.4.0",
      "resolved": "https://registry.npmjs.org/@salesforce/eslint-config-lwc/-/eslint-config-lwc-3.4.0.tgz",
      "integrity": "sha512-RV1of9PVpVHiz4RPc6YugGyw6cyzmddDUZzv3YwIhXqdhra+Enb+DJerVCexSXKGkcZ1vF9uTuQOAOE6tA5J1A==",
      "dev": true,
      "dependencies": {
        "@babel/core": "~7.21.0",
        "@babel/eslint-parser": "~7.19.1",
        "eslint-restricted-globals": "~0.2.0",
        "semver": "^7.3.8"
      },
      "engines": {
        "node": ">=10.0.0"
      },
      "peerDependencies": {
        "@lwc/eslint-plugin-lwc": "^1.0.0",
        "@salesforce/eslint-plugin-lightning": "^1.0.0",
        "eslint": "^7 || ^8",
        "eslint-plugin-import": "*",
        "eslint-plugin-jest": "*"
      }
    },
    "node_modules/@salesforce/eslint-config-lwc/node_modules/@babel/eslint-parser": {
      "version": "7.19.1",
      "resolved": "https://registry.npmjs.org/@babel/eslint-parser/-/eslint-parser-7.19.1.tgz",
      "integrity": "sha512-AqNf2QWt1rtu2/1rLswy6CDP7H9Oh3mMhk177Y67Rg8d7RD9WfOLLv8CGn6tisFvS2htm86yIe1yLF6I1UDaGQ==",
      "dev": true,
      "dependencies": {
        "@nicolo-ribaudo/eslint-scope-5-internals": "5.1.1-v1",
        "eslint-visitor-keys": "^2.1.0",
        "semver": "^6.3.0"
      },
      "engines": {
        "node": "^10.13.0 || ^12.13.0 || >=14.0.0"
      },
      "peerDependencies": {
        "@babel/core": ">=7.11.0",
        "eslint": "^7.5.0 || ^8.0.0"
      }
    },
    "node_modules/@salesforce/eslint-config-lwc/node_modules/@babel/eslint-parser/node_modules/semver": {
      "version": "6.3.1",
      "resolved": "https://registry.npmjs.org/semver/-/semver-6.3.1.tgz",
      "integrity": "sha512-BR7VvDCVHO+q2xBEWskxS6DJE1qRnb7DxzUrogb71CWoSficBxYsiAGd+Kl0mmq/MprG9yArRkyrQxTO6XjMzA==",
      "dev": true,
      "bin": {
        "semver": "bin/semver.js"
      }
    },
    "node_modules/@salesforce/eslint-config-lwc/node_modules/lru-cache": {
      "version": "6.0.0",
      "resolved": "https://registry.npmjs.org/lru-cache/-/lru-cache-6.0.0.tgz",
      "integrity": "sha512-Jo6dJ04CmSjuznwJSS3pUeWmd/H0ffTlkXXgwZi+eq1UCmqQwCh+eLsYOYCwY991i2Fah4h1BEMCx4qThGbsiA==",
      "dev": true,
      "dependencies": {
        "yallist": "^4.0.0"
      },
      "engines": {
        "node": ">=10"
      }
    },
    "node_modules/@salesforce/eslint-config-lwc/node_modules/semver": {
      "version": "7.5.4",
      "resolved": "https://registry.npmjs.org/semver/-/semver-7.5.4.tgz",
      "integrity": "sha512-1bCSESV6Pv+i21Hvpxp3Dx+pSD8lIPt8uVjRrxAUt/nbswYc+tK6Y2btiULjd4+fnq15PX+nqQDC7Oft7WkwcA==",
      "dev": true,
      "dependencies": {
        "lru-cache": "^6.0.0"
      },
      "bin": {
        "semver": "bin/semver.js"
      },
      "engines": {
        "node": ">=10"
      }
    },
    "node_modules/@salesforce/eslint-config-lwc/node_modules/yallist": {
      "version": "4.0.0",
      "resolved": "https://registry.npmjs.org/yallist/-/yallist-4.0.0.tgz",
      "integrity": "sha512-3wdGidZyq5PB084XLES5TpOSRA3wjXAlIWMhum2kRcv/41Sn2emQ0dycQW4uZXLejwKvg6EsvbdlVL+FYEct7A==",
      "dev": true
    },
    "node_modules/@salesforce/eslint-plugin-aura": {
      "version": "2.1.0",
      "resolved": "https://registry.npmjs.org/@salesforce/eslint-plugin-aura/-/eslint-plugin-aura-2.1.0.tgz",
      "integrity": "sha512-7HfwSBKTHQZQboLoEhkBY7bYR9wTaT+G5jHXGlq8y31hEnNhJXRZ+RERDEwDm1jYa2SV9lE8nMNr0/8EKIGjlQ==",
      "dev": true,
      "dependencies": {
        "eslint-plugin-compat": "^4.0.2"
      },
      "engines": {
        "node": ">=12.0.0"
      },
      "peerDependencies": {
        "eslint": "^7 || ^8"
      }
    },
    "node_modules/@salesforce/eslint-plugin-lightning": {
      "version": "1.0.0",
      "resolved": "https://registry.npmjs.org/@salesforce/eslint-plugin-lightning/-/eslint-plugin-lightning-1.0.0.tgz",
      "integrity": "sha512-zk0PKXAcHKHepAG2EOSWlkOTxQM0Aw1CT6+MUxJcM42fCDwH/yPPpGkG3CWtRfmVViODGOwU9ywU2wlkAYcvUQ==",
      "dev": true,
      "peerDependencies": {
        "eslint": "^7 || ^8"
      }
    },
    "node_modules/@salesforce/sfdx-lwc-jest": {
      "version": "1.3.0",
      "resolved": "https://registry.npmjs.org/@salesforce/sfdx-lwc-jest/-/sfdx-lwc-jest-1.3.0.tgz",
      "integrity": "sha512-DT6AjFLldoWqeI1MdcStVhLj3p+XndUrHdPVwUo+CdiBmnTqNSPBDY/snDZJwZZK61M88mKz2xDzNj7xug3i8g==",
      "dev": true,
      "dependencies": {
        "@lwc/compiler": "2.31.0",
        "@lwc/engine-dom": "2.31.0",
        "@lwc/jest-preset": "11.5.4",
        "@lwc/jest-resolver": "11.5.4",
        "@lwc/jest-serializer": "11.5.4",
        "@lwc/jest-transformer": "11.5.4",
        "@lwc/module-resolver": "2.31.0",
        "@lwc/synthetic-shadow": "2.31.0",
        "@lwc/wire-service": "2.31.0",
        "@salesforce/wire-service-jest-util": "4.0.1",
        "chalk": "^4.1.2",
        "fast-glob": "^3.2.12",
        "jest": "27.4.7",
        "yargs": "~17.6.2"
      },
      "bin": {
        "lwc-jest": "bin/sfdx-lwc-jest",
        "sfdx-lwc-jest": "bin/sfdx-lwc-jest"
      }
    },
    "node_modules/@salesforce/sfdx-lwc-jest/node_modules/ansi-styles": {
      "version": "4.3.0",
      "resolved": "https://registry.npmjs.org/ansi-styles/-/ansi-styles-4.3.0.tgz",
      "integrity": "sha512-zbB9rCJAT1rbjiVDb2hqKFHNYLxgtk8NURxZ3IZwD3F6NtxbXZQCnnSi1Lkx+IDohdPlFp222wVALIheZJQSEg==",
      "dev": true,
      "dependencies": {
        "color-convert": "^2.0.1"
      },
      "engines": {
        "node": ">=8"
      },
      "funding": {
        "url": "https://github.com/chalk/ansi-styles?sponsor=1"
      }
    },
    "node_modules/@salesforce/sfdx-lwc-jest/node_modules/chalk": {
      "version": "4.1.2",
      "resolved": "https://registry.npmjs.org/chalk/-/chalk-4.1.2.tgz",
      "integrity": "sha512-oKnbhFyRIXpUuez8iBMmyEa4nbj4IOQyuhc/wy9kY7/WVPcwIO9VA668Pu8RkO7+0G76SLROeyw9CpQ061i4mA==",
      "dev": true,
      "dependencies": {
        "ansi-styles": "^4.1.0",
        "supports-color": "^7.1.0"
      },
      "engines": {
        "node": ">=10"
      },
      "funding": {
        "url": "https://github.com/chalk/chalk?sponsor=1"
      }
    },
    "node_modules/@salesforce/sfdx-lwc-jest/node_modules/color-convert": {
      "version": "2.0.1",
      "resolved": "https://registry.npmjs.org/color-convert/-/color-convert-2.0.1.tgz",
      "integrity": "sha512-RRECPsj7iu/xb5oKYcsFHSppFNnsj/52OVTRKb4zP5onXwVF3zVmmToNcOfGC+CRDpfK/U584fMg38ZHCaElKQ==",
      "dev": true,
      "dependencies": {
        "color-name": "~1.1.4"
      },
      "engines": {
        "node": ">=7.0.0"
      }
    },
    "node_modules/@salesforce/sfdx-lwc-jest/node_modules/color-name": {
      "version": "1.1.4",
      "resolved": "https://registry.npmjs.org/color-name/-/color-name-1.1.4.tgz",
      "integrity": "sha512-dOy+3AuW3a2wNbZHIuMZpTcgjGuLU/uBL/ubcZF9OXbDo8ff4O8yVp5Bf0efS8uEoYo5q4Fx7dY9OgQGXgAsQA==",
      "dev": true
    },
    "node_modules/@salesforce/sfdx-lwc-jest/node_modules/has-flag": {
      "version": "4.0.0",
      "resolved": "https://registry.npmjs.org/has-flag/-/has-flag-4.0.0.tgz",
      "integrity": "sha512-EykJT/Q1KjTWctppgIAgfSO0tKVuZUjhgMr17kqTumMl6Afv3EISleU7qZUzoXDFTAHTDC4NOoG/ZxU3EvlMPQ==",
      "dev": true,
      "engines": {
        "node": ">=8"
      }
    },
    "node_modules/@salesforce/sfdx-lwc-jest/node_modules/supports-color": {
      "version": "7.2.0",
      "resolved": "https://registry.npmjs.org/supports-color/-/supports-color-7.2.0.tgz",
      "integrity": "sha512-qpCAvRl9stuOHveKsn7HncJRvv501qIacKzQlO/+Lwxc9+0q2wLyv4Dfvt80/DPn2pqOBsJdDiogXGR9+OvwRw==",
      "dev": true,
      "dependencies": {
        "has-flag": "^4.0.0"
      },
      "engines": {
        "node": ">=8"
      }
    },
    "node_modules/@salesforce/wire-service-jest-util": {
      "version": "4.0.1",
      "resolved": "https://registry.npmjs.org/@salesforce/wire-service-jest-util/-/wire-service-jest-util-4.0.1.tgz",
      "integrity": "sha512-6u3ZGXDCeRnKSX8WHRpVQAXmGiee6NkhmQb0gXmcPAm8zW/Q7o7lRJNvXKnxnXY7qyiKXVYDQAFKJjtGpaCfjw==",
      "dev": true,
      "peerDependencies": {
        "@lwc/engine-dom": "^2.0.0"
      }
    },
    "node_modules/@types/prettier": {
      "version": "2.7.2",
      "resolved": "https://registry.npmjs.org/@types/prettier/-/prettier-2.7.2.tgz",
      "integrity": "sha512-KufADq8uQqo1pYKVIYzfKbJfBAc0sOeXqGbFaSpv8MRmC/zXgowNZmFcbngndGk922QDmOASEXUZCaY48gs4cg==",
      "dev": true
    },
    "node_modules/@typescript-eslint/scope-manager": {
      "version": "5.59.1",
      "resolved": "https://registry.npmjs.org/@typescript-eslint/scope-manager/-/scope-manager-5.59.1.tgz",
      "integrity": "sha512-mau0waO5frJctPuAzcxiNWqJR5Z8V0190FTSqRw1Q4Euop6+zTwHAf8YIXNwDOT29tyUDrQ65jSg9aTU/H0omA==",
      "dev": true,
      "dependencies": {
        "@typescript-eslint/types": "5.59.1",
        "@typescript-eslint/visitor-keys": "5.59.1"
      },
      "engines": {
        "node": "^12.22.0 || ^14.17.0 || >=16.0.0"
      },
      "funding": {
        "type": "opencollective",
        "url": "https://opencollective.com/typescript-eslint"
      }
    },
    "node_modules/@typescript-eslint/types": {
      "version": "5.59.1",
      "resolved": "https://registry.npmjs.org/@typescript-eslint/types/-/types-5.59.1.tgz",
      "integrity": "sha512-dg0ICB+RZwHlysIy/Dh1SP+gnXNzwd/KS0JprD3Lmgmdq+dJAJnUPe1gNG34p0U19HvRlGX733d/KqscrGC1Pg==",
      "dev": true,
      "engines": {
        "node": "^12.22.0 || ^14.17.0 || >=16.0.0"
      },
      "funding": {
        "type": "opencollective",
        "url": "https://opencollective.com/typescript-eslint"
      }
    },
    "node_modules/@typescript-eslint/typescript-estree": {
      "version": "5.59.1",
      "resolved": "https://registry.npmjs.org/@typescript-eslint/typescript-estree/-/typescript-estree-5.59.1.tgz",
      "integrity": "sha512-lYLBBOCsFltFy7XVqzX0Ju+Lh3WPIAWxYpmH/Q7ZoqzbscLiCW00LeYCdsUnnfnj29/s1WovXKh2gwCoinHNGA==",
      "dev": true,
      "dependencies": {
        "@typescript-eslint/types": "5.59.1",
        "@typescript-eslint/visitor-keys": "5.59.1",
        "debug": "^4.3.4",
        "globby": "^11.1.0",
        "is-glob": "^4.0.3",
        "semver": "^7.3.7",
        "tsutils": "^3.21.0"
      },
      "engines": {
        "node": "^12.22.0 || ^14.17.0 || >=16.0.0"
      },
      "funding": {
        "type": "opencollective",
        "url": "https://opencollective.com/typescript-eslint"
      },
      "peerDependenciesMeta": {
        "typescript": {
          "optional": true
        }
      }
    },
    "node_modules/@typescript-eslint/typescript-estree/node_modules/lru-cache": {
      "version": "6.0.0",
      "resolved": "https://registry.npmjs.org/lru-cache/-/lru-cache-6.0.0.tgz",
      "integrity": "sha512-Jo6dJ04CmSjuznwJSS3pUeWmd/H0ffTlkXXgwZi+eq1UCmqQwCh+eLsYOYCwY991i2Fah4h1BEMCx4qThGbsiA==",
      "dev": true,
      "dependencies": {
        "yallist": "^4.0.0"
      },
      "engines": {
        "node": ">=10"
      }
    },
    "node_modules/@typescript-eslint/typescript-estree/node_modules/semver": {
      "version": "7.5.4",
      "resolved": "https://registry.npmjs.org/semver/-/semver-7.5.4.tgz",
      "integrity": "sha512-1bCSESV6Pv+i21Hvpxp3Dx+pSD8lIPt8uVjRrxAUt/nbswYc+tK6Y2btiULjd4+fnq15PX+nqQDC7Oft7WkwcA==",
      "dev": true,
      "dependencies": {
        "lru-cache": "^6.0.0"
      },
      "bin": {
        "semver": "bin/semver.js"
      },
      "engines": {
        "node": ">=10"
      }
    },
    "node_modules/@typescript-eslint/typescript-estree/node_modules/yallist": {
      "version": "4.0.0",
      "resolved": "https://registry.npmjs.org/yallist/-/yallist-4.0.0.tgz",
      "integrity": "sha512-3wdGidZyq5PB084XLES5TpOSRA3wjXAlIWMhum2kRcv/41Sn2emQ0dycQW4uZXLejwKvg6EsvbdlVL+FYEct7A==",
      "dev": true
    },
    "node_modules/@typescript-eslint/utils": {
      "version": "5.59.1",
      "resolved": "https://registry.npmjs.org/@typescript-eslint/utils/-/utils-5.59.1.tgz",
      "integrity": "sha512-MkTe7FE+K1/GxZkP5gRj3rCztg45bEhsd8HYjczBuYm+qFHP5vtZmjx3B0yUCDotceQ4sHgTyz60Ycl225njmA==",
      "dev": true,
      "dependencies": {
        "@eslint-community/eslint-utils": "^4.2.0",
        "@types/json-schema": "^7.0.9",
        "@types/semver": "^7.3.12",
        "@typescript-eslint/scope-manager": "5.59.1",
        "@typescript-eslint/types": "5.59.1",
        "@typescript-eslint/typescript-estree": "5.59.1",
        "eslint-scope": "^5.1.1",
        "semver": "^7.3.7"
      },
      "engines": {
        "node": "^12.22.0 || ^14.17.0 || >=16.0.0"
      },
      "funding": {
        "type": "opencollective",
        "url": "https://opencollective.com/typescript-eslint"
      },
      "peerDependencies": {
        "eslint": "^6.0.0 || ^7.0.0 || ^8.0.0"
      }
    },
    "node_modules/@typescript-eslint/utils/node_modules/lru-cache": {
      "version": "6.0.0",
      "resolved": "https://registry.npmjs.org/lru-cache/-/lru-cache-6.0.0.tgz",
      "integrity": "sha512-Jo6dJ04CmSjuznwJSS3pUeWmd/H0ffTlkXXgwZi+eq1UCmqQwCh+eLsYOYCwY991i2Fah4h1BEMCx4qThGbsiA==",
      "dev": true,
      "dependencies": {
        "yallist": "^4.0.0"
      },
      "engines": {
        "node": ">=10"
      }
    },
    "node_modules/@typescript-eslint/utils/node_modules/semver": {
      "version": "7.5.4",
      "resolved": "https://registry.npmjs.org/semver/-/semver-7.5.4.tgz",
      "integrity": "sha512-1bCSESV6Pv+i21Hvpxp3Dx+pSD8lIPt8uVjRrxAUt/nbswYc+tK6Y2btiULjd4+fnq15PX+nqQDC7Oft7WkwcA==",
      "dev": true,
      "dependencies": {
        "lru-cache": "^6.0.0"
      },
      "bin": {
        "semver": "bin/semver.js"
      },
      "engines": {
        "node": ">=10"
      }
    },
    "node_modules/@typescript-eslint/utils/node_modules/yallist": {
      "version": "4.0.0",
      "resolved": "https://registry.npmjs.org/yallist/-/yallist-4.0.0.tgz",
      "integrity": "sha512-3wdGidZyq5PB084XLES5TpOSRA3wjXAlIWMhum2kRcv/41Sn2emQ0dycQW4uZXLejwKvg6EsvbdlVL+FYEct7A==",
      "dev": true
    },
    "node_modules/@typescript-eslint/visitor-keys": {
      "version": "5.59.1",
      "resolved": "https://registry.npmjs.org/@typescript-eslint/visitor-keys/-/visitor-keys-5.59.1.tgz",
      "integrity": "sha512-6waEYwBTCWryx0VJmP7JaM4FpipLsFl9CvYf2foAE8Qh/Y0s+bxWysciwOs0LTBED4JCaNxTZ5rGadB14M6dwA==",
      "dev": true,
      "dependencies": {
        "@typescript-eslint/types": "5.59.1",
        "eslint-visitor-keys": "^3.3.0"
      },
      "engines": {
        "node": "^12.22.0 || ^14.17.0 || >=16.0.0"
      },
      "funding": {
        "type": "opencollective",
        "url": "https://opencollective.com/typescript-eslint"
      }
    },
    "node_modules/@typescript-eslint/visitor-keys/node_modules/eslint-visitor-keys": {
      "version": "3.4.0",
      "resolved": "https://registry.npmjs.org/eslint-visitor-keys/-/eslint-visitor-keys-3.4.0.tgz",
      "integrity": "sha512-HPpKPUBQcAsZOsHAFwTtIKcYlCje62XB7SEAcxjtmW6TD1WVpkS6i6/hOVtTZIl4zGj/mBqpFVGvaDneik+VoQ==",
      "dev": true,
      "engines": {
        "node": "^12.22.0 || ^14.17.0 || >=16.0.0"
      },
      "funding": {
        "url": "https://opencollective.com/eslint"
      }
    },
    "node_modules/devops-center-local-config-files": {
      "version": "1.4.0",
      "resolved": "https://registry.npmjs.org/devops-center-local-config-files/-/devops-center-local-config-files-1.4.0.tgz",
      "integrity": "sha512-sjVVHkqFoYTnll6xiUD3WG487SJ/SolZPlQ4JiCsth6D4xTgiGS4FE3n2NT7grkGgxWSYnKmAVWprqyU6mNrTA==",
      "dev": true,
      "dependencies": {
        "execa": "^5.1.1",
        "fs-extra": "^11.1.0"
      }
    },
    "node_modules/devops-center-local-config-files/node_modules/fs-extra": {
      "version": "11.1.1",
      "resolved": "https://registry.npmjs.org/fs-extra/-/fs-extra-11.1.1.tgz",
      "integrity": "sha512-MGIE4HOvQCeUCzmlHs0vXpih4ysz4wg9qiSAu6cd42lVwPbTM1TjV7RusoyQqMmk/95gdQZX72u+YW+c3eEpFQ==",
      "dev": true,
      "dependencies": {
        "graceful-fs": "^4.2.0",
        "jsonfile": "^6.0.1",
        "universalify": "^2.0.0"
      },
      "engines": {
        "node": ">=14.14"
      }
    },
    "node_modules/eslint": {
      "version": "8.39.0",
      "resolved": "https://registry.npmjs.org/eslint/-/eslint-8.39.0.tgz",
      "integrity": "sha512-mwiok6cy7KTW7rBpo05k6+p4YVZByLNjAZ/ACB9DRCu4YDRwjXI01tWHp6KAUWelsBetTxKK/2sHB0vdS8Z2Og==",
      "dev": true,
      "dependencies": {
        "@eslint-community/eslint-utils": "^4.2.0",
        "@eslint-community/regexpp": "^4.4.0",
        "@eslint/eslintrc": "^2.0.2",
        "@eslint/js": "8.39.0",
        "@humanwhocodes/config-array": "^0.11.8",
        "@humanwhocodes/module-importer": "^1.0.1",
        "@nodelib/fs.walk": "^1.2.8",
        "ajv": "^6.10.0",
        "chalk": "^4.0.0",
        "cross-spawn": "^7.0.2",
        "debug": "^4.3.2",
        "doctrine": "^3.0.0",
        "escape-string-regexp": "^4.0.0",
        "eslint-scope": "^7.2.0",
        "eslint-visitor-keys": "^3.4.0",
        "espree": "^9.5.1",
        "esquery": "^1.4.2",
        "esutils": "^2.0.2",
        "fast-deep-equal": "^3.1.3",
        "file-entry-cache": "^6.0.1",
        "find-up": "^5.0.0",
        "glob-parent": "^6.0.2",
        "globals": "^13.19.0",
        "grapheme-splitter": "^1.0.4",
        "ignore": "^5.2.0",
        "import-fresh": "^3.0.0",
        "imurmurhash": "^0.1.4",
        "is-glob": "^4.0.0",
        "is-path-inside": "^3.0.3",
        "js-sdsl": "^4.1.4",
        "js-yaml": "^4.1.0",
        "json-stable-stringify-without-jsonify": "^1.0.1",
        "levn": "^0.4.1",
        "lodash.merge": "^4.6.2",
        "minimatch": "^3.1.2",
        "natural-compare": "^1.4.0",
        "optionator": "^0.9.1",
        "strip-ansi": "^6.0.1",
        "strip-json-comments": "^3.1.0",
        "text-table": "^0.2.0"
      },
      "bin": {
        "eslint": "bin/eslint.js"
      },
      "engines": {
        "node": "^12.22.0 || ^14.17.0 || >=16.0.0"
      },
      "funding": {
        "url": "https://opencollective.com/eslint"
      }
    },
    "node_modules/eslint-import-resolver-node": {
      "version": "0.3.7",
      "resolved": "https://registry.npmjs.org/eslint-import-resolver-node/-/eslint-import-resolver-node-0.3.7.tgz",
      "integrity": "sha512-gozW2blMLJCeFpBwugLTGyvVjNoeo1knonXAcatC6bjPBZitotxdWf7Gimr25N4c0AAOo4eOUfaG82IJPDpqCA==",
      "dev": true,
      "dependencies": {
        "debug": "^3.2.7",
        "is-core-module": "^2.11.0",
        "resolve": "^1.22.1"
      }
    },
    "node_modules/eslint-import-resolver-node/node_modules/debug": {
      "version": "3.2.7",
      "resolved": "https://registry.npmjs.org/debug/-/debug-3.2.7.tgz",
      "integrity": "sha512-CFjzYYAi4ThfiQvizrFQevTTXHtnCqWfe7x1AhgEscTz6ZbLbfoLRLPugTQyBth6f8ZERVUSyWHFD/7Wu4t1XQ==",
      "dev": true,
      "dependencies": {
        "ms": "^2.1.1"
      }
    },
    "node_modules/eslint-module-utils": {
      "version": "2.8.0",
      "resolved": "https://registry.npmjs.org/eslint-module-utils/-/eslint-module-utils-2.8.0.tgz",
      "integrity": "sha512-aWajIYfsqCKRDgUfjEXNN/JlrzauMuSEy5sbd7WXbtW3EH6A6MpwEh42c7qD+MqQo9QMJ6fWLAeIJynx0g6OAw==",
      "dev": true,
      "dependencies": {
        "debug": "^3.2.7"
      },
      "engines": {
        "node": ">=4"
      },
      "peerDependenciesMeta": {
        "eslint": {
          "optional": true
        }
      }
    },
    "node_modules/eslint-module-utils/node_modules/debug": {
      "version": "3.2.7",
      "resolved": "https://registry.npmjs.org/debug/-/debug-3.2.7.tgz",
      "integrity": "sha512-CFjzYYAi4ThfiQvizrFQevTTXHtnCqWfe7x1AhgEscTz6ZbLbfoLRLPugTQyBth6f8ZERVUSyWHFD/7Wu4t1XQ==",
      "dev": true,
      "dependencies": {
        "ms": "^2.1.1"
      }
    },
    "node_modules/eslint-plugin-compat": {
      "version": "4.2.0",
      "resolved": "https://registry.npmjs.org/eslint-plugin-compat/-/eslint-plugin-compat-4.2.0.tgz",
      "integrity": "sha512-RDKSYD0maWy5r7zb5cWQS+uSPc26mgOzdORJ8hxILmWM7S/Ncwky7BcAtXVY5iRbKjBdHsWU8Yg7hfoZjtkv7w==",
      "dev": true,
      "dependencies": {
        "@mdn/browser-compat-data": "^5.3.13",
        "ast-metadata-inferer": "^0.8.0",
        "browserslist": "^4.21.10",
        "caniuse-lite": "^1.0.30001524",
        "find-up": "^5.0.0",
        "lodash.memoize": "^4.1.2",
        "semver": "^7.5.4"
      },
      "engines": {
        "node": ">=14.x"
      },
      "peerDependencies": {
        "eslint": "^4.0.0 || ^5.0.0 || ^6.0.0 || ^7.0.0 || ^8.0.0"
      }
    },
    "node_modules/eslint-plugin-compat/node_modules/lru-cache": {
      "version": "6.0.0",
      "resolved": "https://registry.npmjs.org/lru-cache/-/lru-cache-6.0.0.tgz",
      "integrity": "sha512-Jo6dJ04CmSjuznwJSS3pUeWmd/H0ffTlkXXgwZi+eq1UCmqQwCh+eLsYOYCwY991i2Fah4h1BEMCx4qThGbsiA==",
      "dev": true,
      "dependencies": {
        "yallist": "^4.0.0"
      },
      "engines": {
        "node": ">=10"
      }
    },
    "node_modules/eslint-plugin-compat/node_modules/semver": {
      "version": "7.5.4",
      "resolved": "https://registry.npmjs.org/semver/-/semver-7.5.4.tgz",
      "integrity": "sha512-1bCSESV6Pv+i21Hvpxp3Dx+pSD8lIPt8uVjRrxAUt/nbswYc+tK6Y2btiULjd4+fnq15PX+nqQDC7Oft7WkwcA==",
      "dev": true,
      "dependencies": {
        "lru-cache": "^6.0.0"
      },
      "bin": {
        "semver": "bin/semver.js"
      },
      "engines": {
        "node": ">=10"
      }
    },
    "node_modules/eslint-plugin-compat/node_modules/yallist": {
      "version": "4.0.0",
      "resolved": "https://registry.npmjs.org/yallist/-/yallist-4.0.0.tgz",
      "integrity": "sha512-3wdGidZyq5PB084XLES5TpOSRA3wjXAlIWMhum2kRcv/41Sn2emQ0dycQW4uZXLejwKvg6EsvbdlVL+FYEct7A==",
      "dev": true
    },
    "node_modules/eslint-plugin-import": {
      "version": "2.27.5",
      "resolved": "https://registry.npmjs.org/eslint-plugin-import/-/eslint-plugin-import-2.27.5.tgz",
      "integrity": "sha512-LmEt3GVofgiGuiE+ORpnvP+kAm3h6MLZJ4Q5HCyHADofsb4VzXFsRiWj3c0OFiV+3DWFh0qg3v9gcPlfc3zRow==",
      "dev": true,
      "dependencies": {
        "array-includes": "^3.1.6",
        "array.prototype.flat": "^1.3.1",
        "array.prototype.flatmap": "^1.3.1",
        "debug": "^3.2.7",
        "doctrine": "^2.1.0",
        "eslint-import-resolver-node": "^0.3.7",
        "eslint-module-utils": "^2.7.4",
        "has": "^1.0.3",
        "is-core-module": "^2.11.0",
        "is-glob": "^4.0.3",
        "minimatch": "^3.1.2",
        "object.values": "^1.1.6",
        "resolve": "^1.22.1",
        "semver": "^6.3.0",
        "tsconfig-paths": "^3.14.1"
      },
      "engines": {
        "node": ">=4"
      },
      "peerDependencies": {
        "eslint": "^2 || ^3 || ^4 || ^5 || ^6 || ^7.2.0 || ^8"
      }
    },
    "node_modules/eslint-plugin-import/node_modules/brace-expansion": {
      "version": "1.1.11",
      "resolved": "https://registry.npmjs.org/brace-expansion/-/brace-expansion-1.1.11.tgz",
      "integrity": "sha512-iCuPHDFgrHX7H2vEI/5xpz07zSHB00TpugqhmYtVmMO6518mCuRMoOYFldEBl0g187ufozdaHgWKcYFb61qGiA==",
      "dev": true,
      "dependencies": {
        "balanced-match": "^1.0.0",
        "concat-map": "0.0.1"
      }
    },
    "node_modules/eslint-plugin-import/node_modules/debug": {
      "version": "3.2.7",
      "resolved": "https://registry.npmjs.org/debug/-/debug-3.2.7.tgz",
      "integrity": "sha512-CFjzYYAi4ThfiQvizrFQevTTXHtnCqWfe7x1AhgEscTz6ZbLbfoLRLPugTQyBth6f8ZERVUSyWHFD/7Wu4t1XQ==",
      "dev": true,
      "dependencies": {
        "ms": "^2.1.1"
      }
    },
    "node_modules/eslint-plugin-import/node_modules/doctrine": {
      "version": "2.1.0",
      "resolved": "https://registry.npmjs.org/doctrine/-/doctrine-2.1.0.tgz",
      "integrity": "sha512-35mSku4ZXK0vfCuHEDAwt55dg2jNajHZ1odvF+8SSr82EsZY4QmXfuWso8oEd8zRhVObSN18aM0CjSdoBX7zIw==",
      "dev": true,
      "dependencies": {
        "esutils": "^2.0.2"
      },
      "engines": {
        "node": ">=0.10.0"
      }
    },
    "node_modules/eslint-plugin-import/node_modules/minimatch": {
      "version": "3.1.2",
      "resolved": "https://registry.npmjs.org/minimatch/-/minimatch-3.1.2.tgz",
      "integrity": "sha512-J7p63hRiAjw1NDEww1W7i37+ByIrOWO5XQQAzZ3VOcL0PNybwpfmV/N05zFAzwQ9USyEcX6t3UO+K5aqBQOIHw==",
      "dev": true,
      "dependencies": {
        "brace-expansion": "^1.1.7"
      },
      "engines": {
        "node": "*"
      }
    },
    "node_modules/eslint-plugin-jest": {
      "version": "26.9.0",
      "resolved": "https://registry.npmjs.org/eslint-plugin-jest/-/eslint-plugin-jest-26.9.0.tgz",
      "integrity": "sha512-TWJxWGp1J628gxh2KhaH1H1paEdgE2J61BBF1I59c6xWeL5+D1BzMxGDN/nXAfX+aSkR5u80K+XhskK6Gwq9ng==",
      "dev": true,
      "dependencies": {
        "@typescript-eslint/utils": "^5.10.0"
      },
      "engines": {
        "node": "^12.22.0 || ^14.17.0 || >=16.0.0"
      },
      "peerDependencies": {
        "@typescript-eslint/eslint-plugin": "^5.0.0",
        "eslint": "^6.0.0 || ^7.0.0 || ^8.0.0"
      },
      "peerDependenciesMeta": {
        "@typescript-eslint/eslint-plugin": {
          "optional": true
        },
        "jest": {
          "optional": true
        }
      }
    },
    "node_modules/eslint-restricted-globals": {
      "version": "0.2.0",
      "resolved": "https://registry.npmjs.org/eslint-restricted-globals/-/eslint-restricted-globals-0.2.0.tgz",
      "integrity": "sha512-kwYJALm5KS2QW3Mc1PgObO4V+pTR6RQtRT65L1GQILlEnAhabUQqGAX7/qUjoQR4KZJKehWpBtyDEiDecwmY9A==",
      "dev": true
    },
    "node_modules/eslint-scope": {
      "version": "5.1.1",
      "resolved": "https://registry.npmjs.org/eslint-scope/-/eslint-scope-5.1.1.tgz",
      "integrity": "sha512-2NxwbF/hZ0KpepYN0cNbo+FN6XoK7GaHlQhgx/hIZl6Va0bF45RQOOwhLIy8lQDbuCiadSLCBnH2CFYquit5bw==",
      "dev": true,
      "dependencies": {
        "esrecurse": "^4.3.0",
        "estraverse": "^4.1.1"
      },
      "engines": {
        "node": ">=8.0.0"
      }
    },
    "node_modules/eslint-visitor-keys": {
      "version": "2.1.0",
      "resolved": "https://registry.npmjs.org/eslint-visitor-keys/-/eslint-visitor-keys-2.1.0.tgz",
      "integrity": "sha512-0rSmRBzXgDzIsD6mGdJgevzgezI534Cer5L/vyMX0kHzT/jiB43jRhd9YUlMGYLQy2zprNmoT8qasCGtY+QaKw==",
      "dev": true,
      "engines": {
        "node": ">=10"
      }
    },
    "node_modules/eslint/node_modules/ansi-styles": {
      "version": "4.3.0",
      "resolved": "https://registry.npmjs.org/ansi-styles/-/ansi-styles-4.3.0.tgz",
      "integrity": "sha512-zbB9rCJAT1rbjiVDb2hqKFHNYLxgtk8NURxZ3IZwD3F6NtxbXZQCnnSi1Lkx+IDohdPlFp222wVALIheZJQSEg==",
      "dev": true,
      "dependencies": {
        "color-convert": "^2.0.1"
      },
      "engines": {
        "node": ">=8"
      },
      "funding": {
        "url": "https://github.com/chalk/ansi-styles?sponsor=1"
      }
    },
    "node_modules/eslint/node_modules/brace-expansion": {
      "version": "1.1.11",
      "resolved": "https://registry.npmjs.org/brace-expansion/-/brace-expansion-1.1.11.tgz",
      "integrity": "sha512-iCuPHDFgrHX7H2vEI/5xpz07zSHB00TpugqhmYtVmMO6518mCuRMoOYFldEBl0g187ufozdaHgWKcYFb61qGiA==",
      "dev": true,
      "dependencies": {
        "balanced-match": "^1.0.0",
        "concat-map": "0.0.1"
      }
    },
    "node_modules/eslint/node_modules/chalk": {
      "version": "4.1.2",
      "resolved": "https://registry.npmjs.org/chalk/-/chalk-4.1.2.tgz",
      "integrity": "sha512-oKnbhFyRIXpUuez8iBMmyEa4nbj4IOQyuhc/wy9kY7/WVPcwIO9VA668Pu8RkO7+0G76SLROeyw9CpQ061i4mA==",
      "dev": true,
      "dependencies": {
        "ansi-styles": "^4.1.0",
        "supports-color": "^7.1.0"
      },
      "engines": {
        "node": ">=10"
      },
      "funding": {
        "url": "https://github.com/chalk/chalk?sponsor=1"
      }
    },
    "node_modules/eslint/node_modules/color-convert": {
      "version": "2.0.1",
      "resolved": "https://registry.npmjs.org/color-convert/-/color-convert-2.0.1.tgz",
      "integrity": "sha512-RRECPsj7iu/xb5oKYcsFHSppFNnsj/52OVTRKb4zP5onXwVF3zVmmToNcOfGC+CRDpfK/U584fMg38ZHCaElKQ==",
      "dev": true,
      "dependencies": {
        "color-name": "~1.1.4"
      },
      "engines": {
        "node": ">=7.0.0"
      }
    },
    "node_modules/eslint/node_modules/color-name": {
      "version": "1.1.4",
      "resolved": "https://registry.npmjs.org/color-name/-/color-name-1.1.4.tgz",
      "integrity": "sha512-dOy+3AuW3a2wNbZHIuMZpTcgjGuLU/uBL/ubcZF9OXbDo8ff4O8yVp5Bf0efS8uEoYo5q4Fx7dY9OgQGXgAsQA==",
      "dev": true
    },
    "node_modules/eslint/node_modules/escape-string-regexp": {
      "version": "4.0.0",
      "resolved": "https://registry.npmjs.org/escape-string-regexp/-/escape-string-regexp-4.0.0.tgz",
      "integrity": "sha512-TtpcNJ3XAzx3Gq8sWRzJaVajRs0uVxA2YAkdb1jm2YkPz4G6egUFAyA3n5vtEIZefPk5Wa4UXbKuS5fKkJWdgA==",
      "dev": true,
      "engines": {
        "node": ">=10"
      },
      "funding": {
        "url": "https://github.com/sponsors/sindresorhus"
      }
    },
    "node_modules/eslint/node_modules/eslint-scope": {
      "version": "7.2.0",
      "resolved": "https://registry.npmjs.org/eslint-scope/-/eslint-scope-7.2.0.tgz",
      "integrity": "sha512-DYj5deGlHBfMt15J7rdtyKNq/Nqlv5KfU4iodrQ019XESsRnwXH9KAE0y3cwtUHDo2ob7CypAnCqefh6vioWRw==",
      "dev": true,
      "dependencies": {
        "esrecurse": "^4.3.0",
        "estraverse": "^5.2.0"
      },
      "engines": {
        "node": "^12.22.0 || ^14.17.0 || >=16.0.0"
      },
      "funding": {
        "url": "https://opencollective.com/eslint"
      }
    },
    "node_modules/eslint/node_modules/eslint-visitor-keys": {
      "version": "3.4.0",
      "resolved": "https://registry.npmjs.org/eslint-visitor-keys/-/eslint-visitor-keys-3.4.0.tgz",
      "integrity": "sha512-HPpKPUBQcAsZOsHAFwTtIKcYlCje62XB7SEAcxjtmW6TD1WVpkS6i6/hOVtTZIl4zGj/mBqpFVGvaDneik+VoQ==",
      "dev": true,
      "engines": {
        "node": "^12.22.0 || ^14.17.0 || >=16.0.0"
      },
      "funding": {
        "url": "https://opencollective.com/eslint"
      }
    },
    "node_modules/eslint/node_modules/estraverse": {
      "version": "5.3.0",
      "resolved": "https://registry.npmjs.org/estraverse/-/estraverse-5.3.0.tgz",
      "integrity": "sha512-MMdARuVEQziNTeJD8DgMqmhwR11BRQ/cBP+pLtYdSTnf3MIO8fFeiINEbX36ZdNlfU/7A9f3gUw49B3oQsvwBA==",
      "dev": true,
      "engines": {
        "node": ">=4.0"
      }
    },
    "node_modules/eslint/node_modules/globals": {
      "version": "13.20.0",
      "resolved": "https://registry.npmjs.org/globals/-/globals-13.20.0.tgz",
      "integrity": "sha512-Qg5QtVkCy/kv3FUSlu4ukeZDVf9ee0iXLAUYX13gbR17bnejFTzr4iS9bY7kwCf1NztRNm1t91fjOiyx4CSwPQ==",
      "dev": true,
      "dependencies": {
        "type-fest": "^0.20.2"
      },
      "engines": {
        "node": ">=8"
      },
      "funding": {
        "url": "https://github.com/sponsors/sindresorhus"
      }
    },
    "node_modules/eslint/node_modules/has-flag": {
      "version": "4.0.0",
      "resolved": "https://registry.npmjs.org/has-flag/-/has-flag-4.0.0.tgz",
      "integrity": "sha512-EykJT/Q1KjTWctppgIAgfSO0tKVuZUjhgMr17kqTumMl6Afv3EISleU7qZUzoXDFTAHTDC4NOoG/ZxU3EvlMPQ==",
      "dev": true,
      "engines": {
        "node": ">=8"
      }
    },
    "node_modules/eslint/node_modules/minimatch": {
      "version": "3.1.2",
      "resolved": "https://registry.npmjs.org/minimatch/-/minimatch-3.1.2.tgz",
      "integrity": "sha512-J7p63hRiAjw1NDEww1W7i37+ByIrOWO5XQQAzZ3VOcL0PNybwpfmV/N05zFAzwQ9USyEcX6t3UO+K5aqBQOIHw==",
      "dev": true,
      "dependencies": {
        "brace-expansion": "^1.1.7"
      },
      "engines": {
        "node": "*"
      }
    },
    "node_modules/eslint/node_modules/supports-color": {
      "version": "7.2.0",
      "resolved": "https://registry.npmjs.org/supports-color/-/supports-color-7.2.0.tgz",
      "integrity": "sha512-qpCAvRl9stuOHveKsn7HncJRvv501qIacKzQlO/+Lwxc9+0q2wLyv4Dfvt80/DPn2pqOBsJdDiogXGR9+OvwRw==",
      "dev": true,
      "dependencies": {
        "has-flag": "^4.0.0"
      },
      "engines": {
        "node": ">=8"
      }
    },
    "node_modules/eslint/node_modules/type-fest": {
      "version": "0.20.2",
      "resolved": "https://registry.npmjs.org/type-fest/-/type-fest-0.20.2.tgz",
      "integrity": "sha512-Ne+eE4r0/iWnpAxD852z3A+N0Bt5RN//NjJwRd2VFHEmrywxf5vsZlh4R6lixl6B+wz/8d+maTSAkN1FIkI3LQ==",
      "dev": true,
      "engines": {
        "node": ">=10"
      },
      "funding": {
        "url": "https://github.com/sponsors/sindresorhus"
      }
    },
    "node_modules/espree/node_modules/eslint-visitor-keys": {
      "version": "3.4.0",
      "resolved": "https://registry.npmjs.org/eslint-visitor-keys/-/eslint-visitor-keys-3.4.0.tgz",
      "integrity": "sha512-HPpKPUBQcAsZOsHAFwTtIKcYlCje62XB7SEAcxjtmW6TD1WVpkS6i6/hOVtTZIl4zGj/mBqpFVGvaDneik+VoQ==",
      "dev": true,
      "engines": {
        "node": "^12.22.0 || ^14.17.0 || >=16.0.0"
      },
      "funding": {
        "url": "https://opencollective.com/eslint"
      }
    },
    "node_modules/husky": {
      "version": "7.0.4",
      "resolved": "https://registry.npmjs.org/husky/-/husky-7.0.4.tgz",
      "integrity": "sha512-vbaCKN2QLtP/vD4yvs6iz6hBEo6wkSzs8HpRah1Z6aGmF2KW5PdYuAd7uX5a+OyBZHBhd+TFLqgjUgytQr4RvQ==",
      "dev": true,
      "bin": {
        "husky": "lib/bin.js"
      },
      "engines": {
        "node": ">=12"
      },
      "funding": {
        "url": "https://github.com/sponsors/typicode"
      }
    },
    "node_modules/lint-staged": {
      "version": "12.5.0",
      "resolved": "https://registry.npmjs.org/lint-staged/-/lint-staged-12.5.0.tgz",
      "integrity": "sha512-BKLUjWDsKquV/JuIcoQW4MSAI3ggwEImF1+sB4zaKvyVx1wBk3FsG7UK9bpnmBTN1pm7EH2BBcMwINJzCRv12g==",
      "dev": true,
      "dependencies": {
        "cli-truncate": "^3.1.0",
        "colorette": "^2.0.16",
        "commander": "^9.3.0",
        "debug": "^4.3.4",
        "execa": "^5.1.1",
        "lilconfig": "2.0.5",
        "listr2": "^4.0.5",
        "micromatch": "^4.0.5",
        "normalize-path": "^3.0.0",
        "object-inspect": "^1.12.2",
        "pidtree": "^0.5.0",
        "string-argv": "^0.3.1",
        "supports-color": "^9.2.2",
        "yaml": "^1.10.2"
      },
      "bin": {
        "lint-staged": "bin/lint-staged.js"
      },
      "engines": {
        "node": "^12.20.0 || ^14.13.1 || >=16.0.0"
      },
      "funding": {
        "url": "https://opencollective.com/lint-staged"
      }
    },
    "node_modules/lint-staged/node_modules/supports-color": {
      "version": "9.3.1",
      "resolved": "https://registry.npmjs.org/supports-color/-/supports-color-9.3.1.tgz",
      "integrity": "sha512-knBY82pjmnIzK3NifMo3RxEIRD9E0kIzV4BKcyTZ9+9kWgLMxd4PrsTSMoFQUabgRBbF8KOLRDCyKgNV+iK44Q==",
      "dev": true,
      "engines": {
        "node": ">=12"
      },
      "funding": {
        "url": "https://github.com/chalk/supports-color?sponsor=1"
      }
    },
    "node_modules/prettier": {
      "version": "2.6.0",
      "resolved": "https://registry.npmjs.org/prettier/-/prettier-2.6.0.tgz",
      "integrity": "sha512-m2FgJibYrBGGgQXNzfd0PuDGShJgRavjUoRCw1mZERIWVSXF0iLzLm+aOqTAbLnC3n6JzUhAA8uZnFVghHJ86A==",
      "dev": true,
      "bin": {
        "prettier": "bin-prettier.js"
      },
      "engines": {
        "node": ">=10.13.0"
      },
      "funding": {
        "url": "https://github.com/prettier/prettier?sponsor=1"
      }
    },
    "node_modules/prettier-plugin-apex": {
      "version": "1.13.0",
      "resolved": "https://registry.npmjs.org/prettier-plugin-apex/-/prettier-plugin-apex-1.13.0.tgz",
      "integrity": "sha512-QeGHrNOR6EXoH0Mto385FDrRC+XSCc/8zvtqNvhEaFovEMC7InDp2Mn5WxjJzQUdgtUYoXL+NYcSm3nxMqsymQ==",
      "dev": true,
      "dependencies": {
        "axios": "^1.0.0",
        "jest-docblock": "^29.0.0",
        "wait-on": "^7.0.0",
        "yargs": "^17.0.0"
      },
      "bin": {
        "apex-ast-serializer": "vendor/apex-ast-serializer/bin/apex-ast-serializer",
        "apex-ast-serializer-http": "vendor/apex-ast-serializer/bin/apex-ast-serializer-http",
        "start-apex-server": "dist/bin/start-apex-server.js",
        "stop-apex-server": "dist/bin/stop-apex-server.js"
      },
      "engines": {
        "node": ">= 14.0.0"
      },
      "peerDependencies": {
        "prettier": "^2.0.0"
      }
    },
    "node_modules/prettier-plugin-apex/node_modules/jest-docblock": {
      "version": "29.7.0",
      "resolved": "https://registry.npmjs.org/jest-docblock/-/jest-docblock-29.7.0.tgz",
      "integrity": "sha512-q617Auw3A612guyaFgsbFeYpNP5t2aoUNLwBUbc/0kD1R4t9ixDbyFTHd1nok4epoVFpr7PmeWHrhvuV3XaJ4g==",
      "dev": true,
      "dependencies": {
        "detect-newline": "^3.0.0"
      },
      "engines": {
        "node": "^14.15.0 || ^16.10.0 || >=18.0.0"
      }
    }
  }
}